
Microsoft Visual Studio Solution File, Format Version 12.00
# Visual Studio Version 17
VisualStudioVersion = 17.14.36310.24 d17.14
MinimumVisualStudioVersion = 10.0.40219.1
Project("{FAE04EC0-301F-11D3-BF4B-00C04F79EFBC}") = "TwelfthConsoleApp", "TwelfthConsoleApp\TwelfthConsoleApp.csproj", "{1CE132AC-34C8-4EC7-9EE5-3E9D9C9AF2C3}"
EndProject
Global
	GlobalSection(SolutionConfigurationPlatforms) = preSolution
		Debug|Any CPU = Debug|Any CPU
		Release|Any CPU = Release|Any CPU
	EndGlobalSection
	GlobalSection(ProjectConfigurationPlatforms) = postSolution
		{1CE132AC-34C8-4EC7-9EE5-3E9D9C9AF2C3}.Debug|Any CPU.ActiveCfg = Debug|Any CPU
		{1CE132AC-34C8-4EC7-9EE5-3E9D9C9AF2C3}.Debug|Any CPU.Build.0 = Debug|Any CPU
		{1CE132AC-34C8-4EC7-9EE5-3E9D9C9AF2C3}.Release|Any CPU.ActiveCfg = Release|Any CPU
		{1CE132AC-34C8-4EC7-9EE5-3E9D9C9AF2C3}.Release|Any CPU.Build.0 = Release|Any CPU
	EndGlobalSection
	GlobalSection(SolutionProperties) = preSolution
		HideSolutionNode = FALSE
	EndGlobalSection
	GlobalSection(ExtensibilityGlobals) = postSolution
		SolutionGuid = {7C9DBF79-5A4F-43E2-BF73-9CC4A5BEE722}
	EndGlobalSection
EndGlobal
