
Microsoft Visual Studio Solution File, Format Version 12.00
# Visual Studio Version 17
VisualStudioVersion = 17.14.36915.13
MinimumVisualStudioVersion = 10.0.40219.1
Project("{FAE04EC0-301F-11D3-BF4B-00C04F79EFBC}") = "logic-restaurant-razor-app", "logic-restaurant-razor-app\logic-restaurant-razor-app.csproj", "{FDA80EA6-A240-4C01-825A-0D0DBD5446FC}"
EndProject
Global
	GlobalSection(SolutionConfigurationPlatforms) = preSolution
		Debug|Any CPU = Debug|Any CPU
		Release|Any CPU = Release|Any CPU
	EndGlobalSection
	GlobalSection(ProjectConfigurationPlatforms) = postSolution
		{FDA80EA6-A240-4C01-825A-0D0DBD5446FC}.Debug|Any CPU.ActiveCfg = Debug|Any CPU
		{FDA80EA6-A240-4C01-825A-0D0DBD5446FC}.Debug|Any CPU.Build.0 = Debug|Any CPU
		{FDA80EA6-A240-4C01-825A-0D0DBD5446FC}.Release|Any CPU.ActiveCfg = Release|Any CPU
		{FDA80EA6-A240-4C01-825A-0D0DBD5446FC}.Release|Any CPU.Build.0 = Release|Any CPU
	EndGlobalSection
	GlobalSection(SolutionProperties) = preSolution
		HideSolutionNode = FALSE
	EndGlobalSection
	GlobalSection(ExtensibilityGlobals) = postSolution
		SolutionGuid = {7F327285-A1E1-418F-93AC-03B2FCFE3FF4}
	EndGlobalSection
EndGlobal
