
Microsoft Visual Studio Solution File, Format Version 12.00
# Visual Studio Version 17
VisualStudioVersion = 17.14.36310.24 d17.14
MinimumVisualStudioVersion = 10.0.40219.1
Project("{FAE04EC0-301F-11D3-BF4B-00C04F79EFBC}") = "FifteenthConsoleApp", "FifteenthConsoleApp\FifteenthConsoleApp.csproj", "{0E25021C-E2E2-437F-92C8-958D36144AF3}"
EndProject
Global
	GlobalSection(SolutionConfigurationPlatforms) = preSolution
		Debug|Any CPU = Debug|Any CPU
		Release|Any CPU = Release|Any CPU
	EndGlobalSection
	GlobalSection(ProjectConfigurationPlatforms) = postSolution
		{0E25021C-E2E2-437F-92C8-958D36144AF3}.Debug|Any CPU.ActiveCfg = Debug|Any CPU
		{0E25021C-E2E2-437F-92C8-958D36144AF3}.Debug|Any CPU.Build.0 = Debug|Any CPU
		{0E25021C-E2E2-437F-92C8-958D36144AF3}.Release|Any CPU.ActiveCfg = Release|Any CPU
		{0E25021C-E2E2-437F-92C8-958D36144AF3}.Release|Any CPU.Build.0 = Release|Any CPU
	EndGlobalSection
	GlobalSection(SolutionProperties) = preSolution
		HideSolutionNode = FALSE
	EndGlobalSection
	GlobalSection(ExtensibilityGlobals) = postSolution
		SolutionGuid = {9BEEB5C4-4AB4-4F7A-9F87-0B4802A3D790}
	EndGlobalSection
EndGlobal
