
Microsoft Visual Studio Solution File, Format Version 12.00
# Visual Studio Version 17
VisualStudioVersion = 17.14.36127.28 d17.14
MinimumVisualStudioVersion = 10.0.40219.1
Project("{FAE04EC0-301F-11D3-BF4B-00C04F79EFBC}") = "EighthConsoleApp", "EighthConsoleApp\EighthConsoleApp.csproj", "{42F78430-914D-465C-912E-88F547F49C15}"
EndProject
Global
	GlobalSection(SolutionConfigurationPlatforms) = preSolution
		Debug|Any CPU = Debug|Any CPU
		Release|Any CPU = Release|Any CPU
	EndGlobalSection
	GlobalSection(ProjectConfigurationPlatforms) = postSolution
		{42F78430-914D-465C-912E-88F547F49C15}.Debug|Any CPU.ActiveCfg = Debug|Any CPU
		{42F78430-914D-465C-912E-88F547F49C15}.Debug|Any CPU.Build.0 = Debug|Any CPU
		{42F78430-914D-465C-912E-88F547F49C15}.Release|Any CPU.ActiveCfg = Release|Any CPU
		{42F78430-914D-465C-912E-88F547F49C15}.Release|Any CPU.Build.0 = Release|Any CPU
	EndGlobalSection
	GlobalSection(SolutionProperties) = preSolution
		HideSolutionNode = FALSE
	EndGlobalSection
	GlobalSection(ExtensibilityGlobals) = postSolution
		SolutionGuid = {12D670FA-6D2E-45FA-B58C-AB56A7B73DC0}
	EndGlobalSection
EndGlobal
