
Microsoft Visual Studio Solution File, Format Version 12.00
# Visual Studio Version 17
VisualStudioVersion = 17.14.36705.20 d17.14
MinimumVisualStudioVersion = 10.0.40219.1
Project("{FAE04EC0-301F-11D3-BF4B-00C04F79EFBC}") = "TwentyThirdConsoleApp", "TwentyThirdConsoleApp\TwentyThirdConsoleApp.csproj", "{14B0B82C-5FC9-470B-AFF6-9D00EC3C13D0}"
EndProject
Global
	GlobalSection(SolutionConfigurationPlatforms) = preSolution
		Debug|Any CPU = Debug|Any CPU
		Release|Any CPU = Release|Any CPU
	EndGlobalSection
	GlobalSection(ProjectConfigurationPlatforms) = postSolution
		{14B0B82C-5FC9-470B-AFF6-9D00EC3C13D0}.Debug|Any CPU.ActiveCfg = Debug|Any CPU
		{14B0B82C-5FC9-470B-AFF6-9D00EC3C13D0}.Debug|Any CPU.Build.0 = Debug|Any CPU
		{14B0B82C-5FC9-470B-AFF6-9D00EC3C13D0}.Release|Any CPU.ActiveCfg = Release|Any CPU
		{14B0B82C-5FC9-470B-AFF6-9D00EC3C13D0}.Release|Any CPU.Build.0 = Release|Any CPU
	EndGlobalSection
	GlobalSection(SolutionProperties) = preSolution
		HideSolutionNode = FALSE
	EndGlobalSection
	GlobalSection(ExtensibilityGlobals) = postSolution
		SolutionGuid = {56A2A952-DE30-4330-97BD-B2D6054C5E28}
	EndGlobalSection
EndGlobal
