
Microsoft Visual Studio Solution File, Format Version 12.00
# Visual Studio Version 17
VisualStudioVersion = 17.14.36310.24
MinimumVisualStudioVersion = 10.0.40219.1
Project("{FAE04EC0-301F-11D3-BF4B-00C04F79EFBC}") = "TenthConsoleApp", "InterfacesAbstracts\TenthConsoleApp.csproj", "{58AF90BE-3B50-4318-A0E4-8302D7CFB71B}"
EndProject
Global
	GlobalSection(SolutionConfigurationPlatforms) = preSolution
		Debug|Any CPU = Debug|Any CPU
		Release|Any CPU = Release|Any CPU
	EndGlobalSection
	GlobalSection(ProjectConfigurationPlatforms) = postSolution
		{58AF90BE-3B50-4318-A0E4-8302D7CFB71B}.Debug|Any CPU.ActiveCfg = Debug|Any CPU
		{58AF90BE-3B50-4318-A0E4-8302D7CFB71B}.Debug|Any CPU.Build.0 = Debug|Any CPU
		{58AF90BE-3B50-4318-A0E4-8302D7CFB71B}.Release|Any CPU.ActiveCfg = Release|Any CPU
		{58AF90BE-3B50-4318-A0E4-8302D7CFB71B}.Release|Any CPU.Build.0 = Release|Any CPU
	EndGlobalSection
	GlobalSection(SolutionProperties) = preSolution
		HideSolutionNode = FALSE
	EndGlobalSection
	GlobalSection(ExtensibilityGlobals) = postSolution
		SolutionGuid = {44044497-7BFD-4FAD-A20D-D3AD28F27E19}
	EndGlobalSection
EndGlobal
